
Microsoft Visual Studio Solution File, Format Version 12.00
# Visual Studio Version 16
VisualStudioVersion = 16.0.32228.343
MinimumVisualStudioVersion = 10.0.40219.1
Project("{9A19103F-16F7-4668-BE54-9A1E7A4F7556}") = "001Intro", "Fundamentos_POO\001Intro.csproj", "{5C09007F-FFCE-4A73-9870-B62C1DB2ACA6}"
EndProject
Project("{9A19103F-16F7-4668-BE54-9A1E7A4F7556}") = "002Objetos", "002Objetos\002Objetos.csproj", "{32D6AE17-054D-4134-B608-B65D318AE097}"
EndProject
Project("{9A19103F-16F7-4668-BE54-9A1E7A4F7556}") = "003Encapsulamento", "003Encapsulamento\003Encapsulamento.csproj", "{027041EA-8EC1-4EE0-9610-7C24810FA3E1}"
EndProject
Project("{FAE04EC0-301F-11D3-BF4B-00C04F79EFBC}") = "004Abstracao", "004Abstracao\004Abstracao.csproj", "{0300548E-10A5-4DF6-A31A-003CE3E26B3E}"
EndProject
Project("{FAE04EC0-301F-11D3-BF4B-00C04F79EFBC}") = "005Polimorfismo", "005Polimorfismo\005Polimorfismo.csproj", "{6E6C9534-CFA1-400F-8210-C0ED3CA61C21}"
EndProject
Project("{FAE04EC0-301F-11D3-BF4B-00C04F79EFBC}") = "006ModificadoresDeAcesso", "006ModificadoresDeAcesso\006ModificadoresDeAcesso.csproj", "{EB647DB0-2880-4DE8-B9AF-369F8FE32095}"
EndProject
Project("{FAE04EC0-301F-11D3-BF4B-00C04F79EFBC}") = "007TiposComplexos", "007TiposComplexos\007TiposComplexos.csproj", "{A21D7DBE-5867-4B48-8523-352C4D793D44}"
EndProject
Project("{FAE04EC0-301F-11D3-BF4B-00C04F79EFBC}") = "008Propiedades", "008Propiedades\008Propiedades.csproj", "{AC049A86-62ED-43B1-8F7F-BF4EC17F3293}"
EndProject
Project("{FAE04EC0-301F-11D3-BF4B-00C04F79EFBC}") = "009Metodos", "009Metodos\009Metodos.csproj", "{5431FF1C-7667-482C-A8AB-46C1AEFB3B75}"
EndProject
Project("{2150E333-8FDC-42A3-9474-1A3956D46DE8}") = "002MaoNaMassa", "002MaoNaMassa", "{0C455763-095E-4076-B5E9-CF16697B0CBD}"
EndProject
Project("{2150E333-8FDC-42A3-9474-1A3956D46DE8}") = "001Aulas", "001Aulas", "{FD864B10-63E4-42AB-B405-6F41551D822F}"
EndProject
Project("{FAE04EC0-301F-11D3-BF4B-00C04F79EFBC}") = "001Intro", "001Intro\001Intro.csproj", "{0F234F70-3465-4E4B-8E6B-0070824AC6A0}"
EndProject
Project("{FAE04EC0-301F-11D3-BF4B-00C04F79EFBC}") = "002IniciandoContextoDeConteudo", "002IniciandoContextoDeConteudo\002IniciandoContextoDeConteudo.csproj", "{EF90FAEE-1C31-49D0-946F-74E2A1AF705B}"
EndProject
Project("{FAE04EC0-301F-11D3-BF4B-00C04F79EFBC}") = "010UsingDispose", "010UsingDispose\010UsingDispose.csproj", "{7BF1107C-1D3B-4754-813C-ADACAD4AC325}"
EndProject
Project("{FAE04EC0-301F-11D3-BF4B-00C04F79EFBC}") = "011ClassesEstaticas", "011ClassesEstaticas\011ClassesEstaticas.csproj", "{F9567414-55CC-4EA4-8259-17A00834C6F8}"
EndProject
Project("{FAE04EC0-301F-11D3-BF4B-00C04F79EFBC}") = "012ClassesSeladas", "012ClassesSeladas\012ClassesSeladas.csproj", "{D06AA1A3-B3EA-475C-B6F9-80DF254CC113}"
EndProject
Project("{FAE04EC0-301F-11D3-BF4B-00C04F79EFBC}") = "013PartialClass", "013PartialClass\013PartialClass.csproj", "{38FDFAD1-D72C-479F-B4D9-07C9363A3AA3}"
EndProject
Project("{FAE04EC0-301F-11D3-BF4B-00C04F79EFBC}") = "014Interfaces", "014Interfaces\014Interfaces.csproj", "{5371639C-1F80-4F4E-A07A-A69E42F3973E}"
EndProject
Project("{FAE04EC0-301F-11D3-BF4B-00C04F79EFBC}") = "015ClassesAbstratas", "015ClassesAbstratas\015ClassesAbstratas.csproj", "{07857581-F573-4EF3-99DD-AE2C4D94DA93}"
EndProject
Project("{FAE04EC0-301F-11D3-BF4B-00C04F79EFBC}") = "016UpcastDowncast", "016UpcastDowncast\016UpcastDowncast.csproj", "{8DE8DD85-B742-4E3C-AB21-3BE030B760FF}"
EndProject
Project("{FAE04EC0-301F-11D3-BF4B-00C04F79EFBC}") = "017ComparandoObjetos", "017ComparandoObjetos\017ComparandoObjetos.csproj", "{2A7C5607-DB58-4C2E-AA88-90D0FCFCCC4C}"
EndProject
Project("{FAE04EC0-301F-11D3-BF4B-00C04F79EFBC}") = "018Delegates", "018Delegates\018Delegates.csproj", "{F8C67F1A-07A8-4EB5-B60C-98590E014990}"
EndProject
Project("{FAE04EC0-301F-11D3-BF4B-00C04F79EFBC}") = "019Events", "019Events\019Events.csproj", "{2A329F05-19C7-4388-B268-7B401F325BC0}"
EndProject
Project("{FAE04EC0-301F-11D3-BF4B-00C04F79EFBC}") = "020GenericsPt01", "020GenericsPt01\020GenericsPt01.csproj", "{585FF580-120D-415E-89A3-52019AE46D41}"
EndProject
Project("{FAE04EC0-301F-11D3-BF4B-00C04F79EFBC}") = "021GenericsPt02", "021GenericsPt02\021GenericsPt02.csproj", "{2FEC7ECA-CAED-40FB-937C-8E07C5ACAB93}"
EndProject
Project("{FAE04EC0-301F-11D3-BF4B-00C04F79EFBC}") = "022ListasPt01", "022ListasPt01\022ListasPt01.csproj", "{C4A1EC52-97C4-40C5-B5FD-4C013BF3A47A}"
EndProject
Project("{FAE04EC0-301F-11D3-BF4B-00C04F79EFBC}") = "023ListasPt02", "023ListasPt02\023ListasPt02.csproj", "{2C21D093-240F-4972-836B-F780D7783F97}"
EndProject
Global
	GlobalSection(SolutionConfigurationPlatforms) = preSolution
		Debug|Any CPU = Debug|Any CPU
		Release|Any CPU = Release|Any CPU
	EndGlobalSection
	GlobalSection(ProjectConfigurationPlatforms) = postSolution
		{5C09007F-FFCE-4A73-9870-B62C1DB2ACA6}.Debug|Any CPU.ActiveCfg = Debug|Any CPU
		{5C09007F-FFCE-4A73-9870-B62C1DB2ACA6}.Debug|Any CPU.Build.0 = Debug|Any CPU
		{5C09007F-FFCE-4A73-9870-B62C1DB2ACA6}.Release|Any CPU.ActiveCfg = Release|Any CPU
		{5C09007F-FFCE-4A73-9870-B62C1DB2ACA6}.Release|Any CPU.Build.0 = Release|Any CPU
		{32D6AE17-054D-4134-B608-B65D318AE097}.Debug|Any CPU.ActiveCfg = Debug|Any CPU
		{32D6AE17-054D-4134-B608-B65D318AE097}.Debug|Any CPU.Build.0 = Debug|Any CPU
		{32D6AE17-054D-4134-B608-B65D318AE097}.Release|Any CPU.ActiveCfg = Release|Any CPU
		{32D6AE17-054D-4134-B608-B65D318AE097}.Release|Any CPU.Build.0 = Release|Any CPU
		{027041EA-8EC1-4EE0-9610-7C24810FA3E1}.Debug|Any CPU.ActiveCfg = Debug|Any CPU
		{027041EA-8EC1-4EE0-9610-7C24810FA3E1}.Debug|Any CPU.Build.0 = Debug|Any CPU
		{027041EA-8EC1-4EE0-9610-7C24810FA3E1}.Release|Any CPU.ActiveCfg = Release|Any CPU
		{027041EA-8EC1-4EE0-9610-7C24810FA3E1}.Release|Any CPU.Build.0 = Release|Any CPU
		{0300548E-10A5-4DF6-A31A-003CE3E26B3E}.Debug|Any CPU.ActiveCfg = Debug|Any CPU
		{0300548E-10A5-4DF6-A31A-003CE3E26B3E}.Debug|Any CPU.Build.0 = Debug|Any CPU
		{0300548E-10A5-4DF6-A31A-003CE3E26B3E}.Release|Any CPU.ActiveCfg = Release|Any CPU
		{0300548E-10A5-4DF6-A31A-003CE3E26B3E}.Release|Any CPU.Build.0 = Release|Any CPU
		{6E6C9534-CFA1-400F-8210-C0ED3CA61C21}.Debug|Any CPU.ActiveCfg = Debug|Any CPU
		{6E6C9534-CFA1-400F-8210-C0ED3CA61C21}.Debug|Any CPU.Build.0 = Debug|Any CPU
		{6E6C9534-CFA1-400F-8210-C0ED3CA61C21}.Release|Any CPU.ActiveCfg = Release|Any CPU
		{6E6C9534-CFA1-400F-8210-C0ED3CA61C21}.Release|Any CPU.Build.0 = Release|Any CPU
		{EB647DB0-2880-4DE8-B9AF-369F8FE32095}.Debug|Any CPU.ActiveCfg = Debug|Any CPU
		{EB647DB0-2880-4DE8-B9AF-369F8FE32095}.Debug|Any CPU.Build.0 = Debug|Any CPU
		{EB647DB0-2880-4DE8-B9AF-369F8FE32095}.Release|Any CPU.ActiveCfg = Release|Any CPU
		{EB647DB0-2880-4DE8-B9AF-369F8FE32095}.Release|Any CPU.Build.0 = Release|Any CPU
		{A21D7DBE-5867-4B48-8523-352C4D793D44}.Debug|Any CPU.ActiveCfg = Debug|Any CPU
		{A21D7DBE-5867-4B48-8523-352C4D793D44}.Debug|Any CPU.Build.0 = Debug|Any CPU
		{A21D7DBE-5867-4B48-8523-352C4D793D44}.Release|Any CPU.ActiveCfg = Release|Any CPU
		{A21D7DBE-5867-4B48-8523-352C4D793D44}.Release|Any CPU.Build.0 = Release|Any CPU
		{AC049A86-62ED-43B1-8F7F-BF4EC17F3293}.Debug|Any CPU.ActiveCfg = Debug|Any CPU
		{AC049A86-62ED-43B1-8F7F-BF4EC17F3293}.Debug|Any CPU.Build.0 = Debug|Any CPU
		{AC049A86-62ED-43B1-8F7F-BF4EC17F3293}.Release|Any CPU.ActiveCfg = Release|Any CPU
		{AC049A86-62ED-43B1-8F7F-BF4EC17F3293}.Release|Any CPU.Build.0 = Release|Any CPU
		{5431FF1C-7667-482C-A8AB-46C1AEFB3B75}.Debug|Any CPU.ActiveCfg = Debug|Any CPU
		{5431FF1C-7667-482C-A8AB-46C1AEFB3B75}.Debug|Any CPU.Build.0 = Debug|Any CPU
		{5431FF1C-7667-482C-A8AB-46C1AEFB3B75}.Release|Any CPU.ActiveCfg = Release|Any CPU
		{5431FF1C-7667-482C-A8AB-46C1AEFB3B75}.Release|Any CPU.Build.0 = Release|Any CPU
		{0F234F70-3465-4E4B-8E6B-0070824AC6A0}.Debug|Any CPU.ActiveCfg = Debug|Any CPU
		{0F234F70-3465-4E4B-8E6B-0070824AC6A0}.Debug|Any CPU.Build.0 = Debug|Any CPU
		{0F234F70-3465-4E4B-8E6B-0070824AC6A0}.Release|Any CPU.ActiveCfg = Release|Any CPU
		{0F234F70-3465-4E4B-8E6B-0070824AC6A0}.Release|Any CPU.Build.0 = Release|Any CPU
		{EF90FAEE-1C31-49D0-946F-74E2A1AF705B}.Debug|Any CPU.ActiveCfg = Debug|Any CPU
		{EF90FAEE-1C31-49D0-946F-74E2A1AF705B}.Debug|Any CPU.Build.0 = Debug|Any CPU
		{EF90FAEE-1C31-49D0-946F-74E2A1AF705B}.Release|Any CPU.ActiveCfg = Release|Any CPU
		{EF90FAEE-1C31-49D0-946F-74E2A1AF705B}.Release|Any CPU.Build.0 = Release|Any CPU
		{7BF1107C-1D3B-4754-813C-ADACAD4AC325}.Debug|Any CPU.ActiveCfg = Debug|Any CPU
		{7BF1107C-1D3B-4754-813C-ADACAD4AC325}.Debug|Any CPU.Build.0 = Debug|Any CPU
		{7BF1107C-1D3B-4754-813C-ADACAD4AC325}.Release|Any CPU.ActiveCfg = Release|Any CPU
		{7BF1107C-1D3B-4754-813C-ADACAD4AC325}.Release|Any CPU.Build.0 = Release|Any CPU
		{F9567414-55CC-4EA4-8259-17A00834C6F8}.Debug|Any CPU.ActiveCfg = Debug|Any CPU
		{F9567414-55CC-4EA4-8259-17A00834C6F8}.Debug|Any CPU.Build.0 = Debug|Any CPU
		{F9567414-55CC-4EA4-8259-17A00834C6F8}.Release|Any CPU.ActiveCfg = Release|Any CPU
		{F9567414-55CC-4EA4-8259-17A00834C6F8}.Release|Any CPU.Build.0 = Release|Any CPU
		{D06AA1A3-B3EA-475C-B6F9-80DF254CC113}.Debug|Any CPU.ActiveCfg = Debug|Any CPU
		{D06AA1A3-B3EA-475C-B6F9-80DF254CC113}.Debug|Any CPU.Build.0 = Debug|Any CPU
		{D06AA1A3-B3EA-475C-B6F9-80DF254CC113}.Release|Any CPU.ActiveCfg = Release|Any CPU
		{D06AA1A3-B3EA-475C-B6F9-80DF254CC113}.Release|Any CPU.Build.0 = Release|Any CPU
		{38FDFAD1-D72C-479F-B4D9-07C9363A3AA3}.Debug|Any CPU.ActiveCfg = Debug|Any CPU
		{38FDFAD1-D72C-479F-B4D9-07C9363A3AA3}.Debug|Any CPU.Build.0 = Debug|Any CPU
		{38FDFAD1-D72C-479F-B4D9-07C9363A3AA3}.Release|Any CPU.ActiveCfg = Release|Any CPU
		{38FDFAD1-D72C-479F-B4D9-07C9363A3AA3}.Release|Any CPU.Build.0 = Release|Any CPU
		{5371639C-1F80-4F4E-A07A-A69E42F3973E}.Debug|Any CPU.ActiveCfg = Debug|Any CPU
		{5371639C-1F80-4F4E-A07A-A69E42F3973E}.Debug|Any CPU.Build.0 = Debug|Any CPU
		{5371639C-1F80-4F4E-A07A-A69E42F3973E}.Release|Any CPU.ActiveCfg = Release|Any CPU
		{5371639C-1F80-4F4E-A07A-A69E42F3973E}.Release|Any CPU.Build.0 = Release|Any CPU
		{07857581-F573-4EF3-99DD-AE2C4D94DA93}.Debug|Any CPU.ActiveCfg = Debug|Any CPU
		{07857581-F573-4EF3-99DD-AE2C4D94DA93}.Debug|Any CPU.Build.0 = Debug|Any CPU
		{07857581-F573-4EF3-99DD-AE2C4D94DA93}.Release|Any CPU.ActiveCfg = Release|Any CPU
		{07857581-F573-4EF3-99DD-AE2C4D94DA93}.Release|Any CPU.Build.0 = Release|Any CPU
		{8DE8DD85-B742-4E3C-AB21-3BE030B760FF}.Debug|Any CPU.ActiveCfg = Debug|Any CPU
		{8DE8DD85-B742-4E3C-AB21-3BE030B760FF}.Debug|Any CPU.Build.0 = Debug|Any CPU
		{8DE8DD85-B742-4E3C-AB21-3BE030B760FF}.Release|Any CPU.ActiveCfg = Release|Any CPU
		{8DE8DD85-B742-4E3C-AB21-3BE030B760FF}.Release|Any CPU.Build.0 = Release|Any CPU
		{2A7C5607-DB58-4C2E-AA88-90D0FCFCCC4C}.Debug|Any CPU.ActiveCfg = Debug|Any CPU
		{2A7C5607-DB58-4C2E-AA88-90D0FCFCCC4C}.Debug|Any CPU.Build.0 = Debug|Any CPU
		{2A7C5607-DB58-4C2E-AA88-90D0FCFCCC4C}.Release|Any CPU.ActiveCfg = Release|Any CPU
		{2A7C5607-DB58-4C2E-AA88-90D0FCFCCC4C}.Release|Any CPU.Build.0 = Release|Any CPU
		{F8C67F1A-07A8-4EB5-B60C-98590E014990}.Debug|Any CPU.ActiveCfg = Debug|Any CPU
		{F8C67F1A-07A8-4EB5-B60C-98590E014990}.Debug|Any CPU.Build.0 = Debug|Any CPU
		{F8C67F1A-07A8-4EB5-B60C-98590E014990}.Release|Any CPU.ActiveCfg = Release|Any CPU
		{F8C67F1A-07A8-4EB5-B60C-98590E014990}.Release|Any CPU.Build.0 = Release|Any CPU
		{2A329F05-19C7-4388-B268-7B401F325BC0}.Debug|Any CPU.ActiveCfg = Debug|Any CPU
		{2A329F05-19C7-4388-B268-7B401F325BC0}.Debug|Any CPU.Build.0 = Debug|Any CPU
		{2A329F05-19C7-4388-B268-7B401F325BC0}.Release|Any CPU.ActiveCfg = Release|Any CPU
		{2A329F05-19C7-4388-B268-7B401F325BC0}.Release|Any CPU.Build.0 = Release|Any CPU
		{585FF580-120D-415E-89A3-52019AE46D41}.Debug|Any CPU.ActiveCfg = Debug|Any CPU
		{585FF580-120D-415E-89A3-52019AE46D41}.Debug|Any CPU.Build.0 = Debug|Any CPU
		{585FF580-120D-415E-89A3-52019AE46D41}.Release|Any CPU.ActiveCfg = Release|Any CPU
		{585FF580-120D-415E-89A3-52019AE46D41}.Release|Any CPU.Build.0 = Release|Any CPU
		{2FEC7ECA-CAED-40FB-937C-8E07C5ACAB93}.Debug|Any CPU.ActiveCfg = Debug|Any CPU
		{2FEC7ECA-CAED-40FB-937C-8E07C5ACAB93}.Debug|Any CPU.Build.0 = Debug|Any CPU
		{2FEC7ECA-CAED-40FB-937C-8E07C5ACAB93}.Release|Any CPU.ActiveCfg = Release|Any CPU
		{2FEC7ECA-CAED-40FB-937C-8E07C5ACAB93}.Release|Any CPU.Build.0 = Release|Any CPU
		{C4A1EC52-97C4-40C5-B5FD-4C013BF3A47A}.Debug|Any CPU.ActiveCfg = Debug|Any CPU
		{C4A1EC52-97C4-40C5-B5FD-4C013BF3A47A}.Debug|Any CPU.Build.0 = Debug|Any CPU
		{C4A1EC52-97C4-40C5-B5FD-4C013BF3A47A}.Release|Any CPU.ActiveCfg = Release|Any CPU
		{C4A1EC52-97C4-40C5-B5FD-4C013BF3A47A}.Release|Any CPU.Build.0 = Release|Any CPU
		{2C21D093-240F-4972-836B-F780D7783F97}.Debug|Any CPU.ActiveCfg = Debug|Any CPU
		{2C21D093-240F-4972-836B-F780D7783F97}.Debug|Any CPU.Build.0 = Debug|Any CPU
		{2C21D093-240F-4972-836B-F780D7783F97}.Release|Any CPU.ActiveCfg = Release|Any CPU
		{2C21D093-240F-4972-836B-F780D7783F97}.Release|Any CPU.Build.0 = Release|Any CPU
	EndGlobalSection
	GlobalSection(SolutionProperties) = preSolution
		HideSolutionNode = FALSE
	EndGlobalSection
	GlobalSection(NestedProjects) = preSolution
		{5C09007F-FFCE-4A73-9870-B62C1DB2ACA6} = {FD864B10-63E4-42AB-B405-6F41551D822F}
		{32D6AE17-054D-4134-B608-B65D318AE097} = {FD864B10-63E4-42AB-B405-6F41551D822F}
		{027041EA-8EC1-4EE0-9610-7C24810FA3E1} = {FD864B10-63E4-42AB-B405-6F41551D822F}
		{0300548E-10A5-4DF6-A31A-003CE3E26B3E} = {FD864B10-63E4-42AB-B405-6F41551D822F}
		{6E6C9534-CFA1-400F-8210-C0ED3CA61C21} = {FD864B10-63E4-42AB-B405-6F41551D822F}
		{EB647DB0-2880-4DE8-B9AF-369F8FE32095} = {FD864B10-63E4-42AB-B405-6F41551D822F}
		{A21D7DBE-5867-4B48-8523-352C4D793D44} = {FD864B10-63E4-42AB-B405-6F41551D822F}
		{AC049A86-62ED-43B1-8F7F-BF4EC17F3293} = {FD864B10-63E4-42AB-B405-6F41551D822F}
		{5431FF1C-7667-482C-A8AB-46C1AEFB3B75} = {FD864B10-63E4-42AB-B405-6F41551D822F}
		{0F234F70-3465-4E4B-8E6B-0070824AC6A0} = {0C455763-095E-4076-B5E9-CF16697B0CBD}
		{EF90FAEE-1C31-49D0-946F-74E2A1AF705B} = {0C455763-095E-4076-B5E9-CF16697B0CBD}
		{7BF1107C-1D3B-4754-813C-ADACAD4AC325} = {FD864B10-63E4-42AB-B405-6F41551D822F}
		{F9567414-55CC-4EA4-8259-17A00834C6F8} = {FD864B10-63E4-42AB-B405-6F41551D822F}
		{D06AA1A3-B3EA-475C-B6F9-80DF254CC113} = {FD864B10-63E4-42AB-B405-6F41551D822F}
		{38FDFAD1-D72C-479F-B4D9-07C9363A3AA3} = {FD864B10-63E4-42AB-B405-6F41551D822F}
		{5371639C-1F80-4F4E-A07A-A69E42F3973E} = {FD864B10-63E4-42AB-B405-6F41551D822F}
		{07857581-F573-4EF3-99DD-AE2C4D94DA93} = {FD864B10-63E4-42AB-B405-6F41551D822F}
		{8DE8DD85-B742-4E3C-AB21-3BE030B760FF} = {FD864B10-63E4-42AB-B405-6F41551D822F}
		{2A7C5607-DB58-4C2E-AA88-90D0FCFCCC4C} = {FD864B10-63E4-42AB-B405-6F41551D822F}
		{F8C67F1A-07A8-4EB5-B60C-98590E014990} = {FD864B10-63E4-42AB-B405-6F41551D822F}
		{2A329F05-19C7-4388-B268-7B401F325BC0} = {FD864B10-63E4-42AB-B405-6F41551D822F}
		{585FF580-120D-415E-89A3-52019AE46D41} = {FD864B10-63E4-42AB-B405-6F41551D822F}
		{2FEC7ECA-CAED-40FB-937C-8E07C5ACAB93} = {FD864B10-63E4-42AB-B405-6F41551D822F}
		{C4A1EC52-97C4-40C5-B5FD-4C013BF3A47A} = {FD864B10-63E4-42AB-B405-6F41551D822F}
		{2C21D093-240F-4972-836B-F780D7783F97} = {FD864B10-63E4-42AB-B405-6F41551D822F}
	EndGlobalSection
	GlobalSection(ExtensibilityGlobals) = postSolution
		SolutionGuid = {1A0AB66A-D5F3-47CE-9E16-D0F6EC5F2CA3}
	EndGlobalSection
EndGlobal
